{
  "name": "hexo-theme-hiker",
  "version": "1.0.0",
  "lockfileVersion": 1,
  "requires": true,
  "dependencies": {
    "bluebird": {
      "version": "3.7.0",
      "resolved": "https://registry.npm.taobao.org/bluebird/download/bluebird-3.7.0.tgz?cache=0&sync_timestamp=1569957137990&other_urls=https%3A%2F%2Fregistry.npm.taobao.org%2Fbluebird%2Fdownload%2Fbluebird-3.7.0.tgz",
      "integrity": "sha1-VqaohuA/auV3z/7etST48kUCk88="
    },
    "camel-case": {
      "version": "3.0.0",
      "resolved": "https://registry.npm.taobao.org/camel-case/download/camel-case-3.0.0.tgz",
      "integrity": "sha1-yjw2iKTpzzpM2nd9xNy8cTJJz3M=",
      "requires": {
        "no-case": "^2.2.0",
        "upper-case": "^1.1.1"
      }
    },
    "cross-spawn": {
      "version": "7.0.1",
      "resolved": "https://registry.npm.taobao.org/cross-spawn/download/cross-spawn-7.0.1.tgz?cache=0&sync_timestamp=1570439926300&other_urls=https%3A%2F%2Fregistry.npm.taobao.org%2Fcross-spawn%2Fdownload%2Fcross-spawn-7.0.1.tgz",
      "integrity": "sha1-CrVihuD3wk4VPQTMKqAn5DqaXRQ=",
      "requires": {
        "path-key": "^3.1.0",
        "shebang-command": "^2.0.0",
        "which": "^2.0.1"
      }
    },
    "hexo-generator-json-content": {
      "version": "4.1.6",
      "resolved": "https://registry.npm.taobao.org/hexo-generator-json-content/download/hexo-generator-json-content-4.1.6.tgz",
      "integrity": "sha1-W3VNGBr8qCGQECCC4334Smdbzsk=",
      "requires": {
        "hexo-util": "^1.4.0",
        "keyword-extractor": "^0.0.17",
        "moment": "^2.24.0"
      }
    },
    "hexo-util": {
      "version": "1.4.0",
      "resolved": "https://registry.npm.taobao.org/hexo-util/download/hexo-util-1.4.0.tgz",
      "integrity": "sha1-c9/yHlRPvjc5mp8hA3BFKNtBHoo=",
      "requires": {
        "bluebird": "^3.5.2",
        "camel-case": "^3.0.0",
        "cross-spawn": "^7.0.0",
        "highlight.js": "^9.13.1",
        "html-entities": "^1.2.1",
        "striptags": "^3.1.1"
      }
    },
    "highlight.js": {
      "version": "9.15.10",
      "resolved": "https://registry.npm.taobao.org/highlight.js/download/highlight.js-9.15.10.tgz",
      "integrity": "sha1-exjtdckDSMBF7vntCMoTGaIhmtI="
    },
    "html-entities": {
      "version": "1.2.1",
      "resolved": "https://registry.npm.taobao.org/html-entities/download/html-entities-1.2.1.tgz",
      "integrity": "sha1-DfKTUfByEWNRXfueVUPl9u7VFi8="
    },
    "isexe": {
      "version": "2.0.0",
      "resolved": "https://registry.npm.taobao.org/isexe/download/isexe-2.0.0.tgz",
      "integrity": "sha1-6PvzdNxVb/iUehDcsFctYz8s+hA="
    },
    "keyword-extractor": {
      "version": "0.0.17",
      "resolved": "https://registry.npm.taobao.org/keyword-extractor/download/keyword-extractor-0.0.17.tgz",
      "integrity": "sha1-ugvDvHIYp4r0AnttN3Vva963250=",
      "requires": {
        "underscore": "1.9.1",
        "underscore.string": "3.3.5"
      }
    },
    "lower-case": {
      "version": "1.1.4",
      "resolved": "https://registry.npm.taobao.org/lower-case/download/lower-case-1.1.4.tgz",
      "integrity": "sha1-miyr0bno4K6ZOkv31YdcOcQujqw="
    },
    "moment": {
      "version": "2.24.0",
      "resolved": "https://registry.npm.taobao.org/moment/download/moment-2.24.0.tgz",
      "integrity": "sha1-DQVdU/UFKqZTyfbraLtdEr9cK1s="
    },
    "no-case": {
      "version": "2.3.2",
      "resolved": "https://registry.npm.taobao.org/no-case/download/no-case-2.3.2.tgz",
      "integrity": "sha1-YLgTOWvjmz8SiKTB7V0efSi0ZKw=",
      "requires": {
        "lower-case": "^1.1.1"
      }
    },
    "path-key": {
      "version": "3.1.0",
      "resolved": "https://registry.npm.taobao.org/path-key/download/path-key-3.1.0.tgz",
      "integrity": "sha1-maENhwqAO91e5vBHDljfzS+aVNM="
    },
    "shebang-command": {
      "version": "2.0.0",
      "resolved": "https://registry.npm.taobao.org/shebang-command/download/shebang-command-2.0.0.tgz",
      "integrity": "sha1-zNCvT4g1+9wmW4JGGq8MNmY/NOo=",
      "requires": {
        "shebang-regex": "^3.0.0"
      }
    },
    "shebang-regex": {
      "version": "3.0.0",
      "resolved": "https://registry.npm.taobao.org/shebang-regex/download/shebang-regex-3.0.0.tgz",
      "integrity": "sha1-rhbxZE2HPsrYQ7AwexQzYtTEIXI="
    },
    "sprintf-js": {
      "version": "1.1.2",
      "resolved": "https://registry.npm.taobao.org/sprintf-js/download/sprintf-js-1.1.2.tgz?cache=0&other_urls=https%3A%2F%2Fregistry.npm.taobao.org%2Fsprintf-js%2Fdownload%2Fsprintf-js-1.1.2.tgz",
      "integrity": "sha1-2hdlJiv4wPVxdJ8q1sJjACB65nM="
    },
    "striptags": {
      "version": "3.1.1",
      "resolved": "https://registry.npm.taobao.org/striptags/download/striptags-3.1.1.tgz",
      "integrity": "sha1-yMPn/db7S7OjKjt1LltePjgJPr0="
    },
    "underscore": {
      "version": "1.9.1",
      "resolved": "https://registry.npm.taobao.org/underscore/download/underscore-1.9.1.tgz",
      "integrity": "sha1-BtzjSg5op7q8KbNluOdLiSUgOWE="
    },
    "underscore.string": {
      "version": "3.3.5",
      "resolved": "https://registry.npm.taobao.org/underscore.string/download/underscore.string-3.3.5.tgz",
      "integrity": "sha1-/CrSVbi9MJ4jnLxYFv0jqbfqQCM=",
      "requires": {
        "sprintf-js": "^1.0.3",
        "util-deprecate": "^1.0.2"
      }
    },
    "upper-case": {
      "version": "1.1.3",
      "resolved": "https://registry.npm.taobao.org/upper-case/download/upper-case-1.1.3.tgz",
      "integrity": "sha1-9rRQHC7EzdJrp4vnIilh3ndiFZg="
    },
    "util-deprecate": {
      "version": "1.0.2",
      "resolved": "https://registry.npm.taobao.org/util-deprecate/download/util-deprecate-1.0.2.tgz",
      "integrity": "sha1-RQ1Nyfpw3nMnYvvS1KKJgUGaDM8="
    },
    "which": {
      "version": "2.0.1",
      "resolved": "https://registry.npm.taobao.org/which/download/which-2.0.1.tgz?cache=0&sync_timestamp=1570145314160&other_urls=https%3A%2F%2Fregistry.npm.taobao.org%2Fwhich%2Fdownload%2Fwhich-2.0.1.tgz",
      "integrity": "sha1-8c+U0HqOVxtv8AauuR0DAMR+8KQ=",
      "requires": {
        "isexe": "^2.0.0"
      }
    }
  }
}
